// !$*UTF8*$!
{
	archiveVersion = 1;
	classes = {
	};
	objectVersion = 46;
	objects = {

/* Begin PBXBuildFile section */
		A9FF5E4015C23027006D2FB8 /* UIKit.framework in Frameworks */ = {isa = PBXBuildFile; fileRef = A9FF5E3F15C23027006D2FB8 /* UIKit.framework */; };
		A9FF5E4215C23027006D2FB8 /* Foundation.framework in Frameworks */ = {isa = PBXBuildFile; fileRef = A9FF5E4115C23027006D2FB8 /* Foundation.framework */; };
		A9FF5E4415C23027006D2FB8 /* CoreGraphics.framework in Frameworks */ = {isa = PBXBuildFile; fileRef = A9FF5E4315C23027006D2FB8 /* CoreGraphics.framework */; };
		A9FF5E4A15C23027006D2FB8 /* InfoPlist.strings in Resources */ = {isa = PBXBuildFile; fileRef = A9FF5E4815C23027006D2FB8 /* InfoPlist.strings */; };
		A9FF5E4C15C23027006D2FB8 /* main.m in Sources */ = {isa = PBXBuildFile; fileRef = A9FF5E4B15C23027006D2FB8 /* main.m */; };
		A9FF5E5015C23027006D2FB8 /* FlickrFetcherAppDelegate.m in Sources */ = {isa = PBXBuildFile; fileRef = A9FF5E4F15C23027006D2FB8 /* FlickrFetcherAppDelegate.m */; };
		A9FF5E5315C23027006D2FB8 /* MainStoryboard.storyboard in Resources */ = {isa = PBXBuildFile; fileRef = A9FF5E5115C23027006D2FB8 /* MainStoryboard.storyboard */; };
		A9FF5E5615C23027006D2FB8 /* FlickrFetcherViewController.m in Sources */ = {isa = PBXBuildFile; fileRef = A9FF5E5515C23027006D2FB8 /* FlickrFetcherViewController.m */; };
/* End PBXBuildFile section */

/* Begin PBXFileReference section */
		A9FF5E3B15C23027006D2FB8 /* FlickrFetcher.app */ = {isa = PBXFileReference; explicitFileType = wrapper.application; includeInIndex = 0; path = FlickrFetcher.app; sourceTree = BUILT_PRODUCTS_DIR; };
		A9FF5E3F15C23027006D2FB8 /* UIKit.framework */ = {isa = PBXFileReference; lastKnownFileType = wrapper.framework; name = UIKit.framework; path = System/Library/Frameworks/UIKit.framework; sourceTree = SDKROOT; };
		A9FF5E4115C23027006D2FB8 /* Foundation.framework */ = {isa = PBXFileReference; lastKnownFileType = wrapper.framework; name = Foundation.framework; path = System/Library/Frameworks/Foundation.framework; sourceTree = SDKROOT; };
		A9FF5E4315C23027006D2FB8 /* CoreGraphics.framework */ = {isa = PBXFileReference; lastKnownFileType = wrapper.framework; name = CoreGraphics.framework; path = System/Library/Frameworks/CoreGraphics.framework; sourceTree = SDKROOT; };
		A9FF5E4715C23027006D2FB8 /* FlickrFetcher-Info.plist */ = {isa = PBXFileReference; path = "FlickrFetcher-Info.plist"; sourceTree = "<group>"; };
		A9FF5E4915C23027006D2FB8 /* en */ = {isa = PBXFileReference; lastKnownFileType = text.plist.strings; name = en; path = en.lproj/InfoPlist.strings; sourceTree = "<group>"; };
		A9FF5E4B15C23027006D2FB8 /* main.m */ = {isa = PBXFileReference; lastKnownFileType = sourcecode.c.objc; path = main.m; sourceTree = "<group>"; };
		A9FF5E4D15C23027006D2FB8 /* FlickrFetcher-Prefix.pch */ = {isa = PBXFileReference; path = "FlickrFetcher-Prefix.pch"; sourceTree = "<group>"; };
		A9FF5E4E15C23027006D2FB8 /* FlickrFetcherAppDelegate.h */ = {isa = PBXFileReference; path = FlickrFetcherAppDelegate.h; sourceTree = "<group>"; };
		A9FF5E4F15C23027006D2FB8 /* FlickrFetcherAppDelegate.m */ = {isa = PBXFileReference; lastKnownFileType = sourcecode.c.objc; path = FlickrFetcherAppDelegate.m; sourceTree = "<group>"; };
		A9FF5E5215C23027006D2FB8 /* en */ = {isa = PBXFileReference; lastKnownFileType = file.storyboard; name = en; path = en.lproj/MainStoryboard.storyboard; sourceTree = "<group>"; };
		A9FF5E5415C23027006D2FB8 /* FlickrFetcherViewController.h */ = {isa = PBXFileReference; path = FlickrFetcherViewController.h; sourceTree = "<group>"; };
		A9FF5E5515C23027006D2FB8 /* FlickrFetcherViewController.m */ = {isa = PBXFileReference; lastKnownFileType = sourcecode.c.objc; path = FlickrFetcherViewController.m; sourceTree = "<group>"; };
/* End PBXFileReference section */

/* Begin PBXFrameworksBuildPhase section */
		A9FF5E3815C23027006D2FB8 /* Frameworks */ = {
			isa = PBXFrameworksBuildPhase;
			buildActionMask = 2147483647;
			files = (
				A9FF5E4015C23027006D2FB8 /* UIKit.framework in Frameworks */,
				A9FF5E4215C23027006D2FB8 /* Foundation.framework in Frameworks */,
				A9FF5E4415C23027006D2FB8 /* CoreGraphics.framework in Frameworks */,
			);
			runOnlyForDeploymentPostprocessing = 0;
		};
/* End PBXFrameworksBuildPhase section */

/* Begin PBXGroup section */
		A9FF5E3015C23027006D2FB8 = {
			isa = PBXGroup;
			children = (
				A9FF5E4515C23027006D2FB8 /* FlickrFetcher */,
				A9FF5E3E15C23027006D2FB8 /* Frameworks */,
				A9FF5E3C15C23027006D2FB8 /* Products */,
			);
			sourceTree = "<group>";
		};
		A9FF5E3C15C23027006D2FB8 /* Products */ = {
			isa = PBXGroup;
			children = (
				A9FF5E3B15C23027006D2FB8 /* FlickrFetcher.app */,
			);
			name = Products;
			sourceTree = "<group>";
		};
		A9FF5E3E15C23027006D2FB8 /* Frameworks */ = {
			isa = PBXGroup;
			children = (
				A9FF5E3F15C23027006D2FB8 /* UIKit.framework */,
				A9FF5E4115C23027006D2FB8 /* Foundation.framework */,
				A9FF5E4315C23027006D2FB8 /* CoreGraphics.framework */,
			);
			name = Frameworks;
			sourceTree = "<group>";
		};
		A9FF5E4515C23027006D2FB8 /* FlickrFetcher */ = {
			isa = PBXGroup;
			children = (
				A9FF5E4E15C23027006D2FB8 /* FlickrFetcherAppDelegate.h */,
				A9FF5E4F15C23027006D2FB8 /* FlickrFetcherAppDelegate.m */,
				A9FF5E5115C23027006D2FB8 /* MainStoryboard.storyboard */,
				A9FF5E5415C23027006D2FB8 /* FlickrFetcherViewController.h */,
				A9FF5E5515C23027006D2FB8 /* FlickrFetcherViewController.m */,
				A9FF5E4615C23027006D2FB8 /* Supporting Files */,
			);
			path = FlickrFetcher;
			sourceTree = "<group>";
		};
		A9FF5E4615C23027006D2FB8 /* Supporting Files */ = {
			isa = PBXGroup;
			children = (
				A9FF5E4715C23027006D2FB8 /* FlickrFetcher-Info.plist */,
				A9FF5E4815C23027006D2FB8 /* InfoPlist.strings */,
				A9FF5E4B15C23027006D2FB8 /* main.m */,
				A9FF5E4D15C23027006D2FB8 /* FlickrFetcher-Prefix.pch */,
			);
			name = "Supporting Files";
			sourceTree = "<group>";
		};
/* End PBXGroup section */

/* Begin PBXNativeTarget section */
		A9FF5E3A15C23027006D2FB8 /* FlickrFetcher */ = {
			isa = PBXNativeTarget;
			buildConfigurationList = A9FF5E5915C23027006D2FB8 /* Build configuration list for PBXNativeTarget "FlickrFetcher" */;
			buildPhases = (
				A9FF5E3715C23027006D2FB8 /* Sources */,
				A9FF5E3815C23027006D2FB8 /* Frameworks */,
				A9FF5E3915C23027006D2FB8 /* Resources */,
			);
			buildRules = (
			);
			dependencies = (
			);
			name = FlickrFetcher;
			productName = FlickrFetcher;
			productReference = A9FF5E3B15C23027006D2FB8 /* FlickrFetcher.app */;
			productType = "com.apple.product-type.application";
		};
/* End PBXNativeTarget section */

/* Begin PBXProject section */
		A9FF5E3215C23027006D2FB8 /* Project object */ = {
			isa = PBXProject;
			attributes = {
				CLASSPREFIX = FlickrFetcher;
				LastUpgradeCheck = 0430;
			};
			buildConfigurationList = A9FF5E3515C23027006D2FB8 /* Build configuration list for PBXProject "FlickrFetcher" */;
			compatibilityVersion = "Xcode 3.2";
			developmentRegion = English;
			hasScannedForEncodings = 0;
			knownRegions = (
				en,
			);
			mainGroup = A9FF5E3015C23027006D2FB8;
			productRefGroup = A9FF5E3C15C23027006D2FB8 /* Products */;
			projectDirPath = "";
			projectRoot = "";
			targets = (
				A9FF5E3A15C23027006D2FB8 /* FlickrFetcher */,
			);
		};
/* End PBXProject section */

/* Begin PBXResourcesBuildPhase section */
		A9FF5E3915C23027006D2FB8 /* Resources */ = {
			isa = PBXResourcesBuildPhase;
			buildActionMask = 2147483647;
			files = (
				A9FF5E4A15C23027006D2FB8 /* InfoPlist.strings in Resources */,
				A9FF5E5315C23027006D2FB8 /* MainStoryboard.storyboard in Resources */,
			);
			runOnlyForDeploymentPostprocessing = 0;
		};
/* End PBXResourcesBuildPhase section */

/* Begin PBXSourcesBuildPhase section */
		A9FF5E3715C23027006D2FB8 /* Sources */ = {
			isa = PBXSourcesBuildPhase;
			buildActionMask = 2147483647;
			files = (
				A9FF5E4C15C23027006D2FB8 /* main.m in Sources */,
				A9FF5E5015C23027006D2FB8 /* FlickrFetcherAppDelegate.m in Sources */,
				A9FF5E5615C23027006D2FB8 /* FlickrFetcherViewController.m in Sources */,
			);
			runOnlyForDeploymentPostprocessing = 0;
		};
/* End PBXSourcesBuildPhase section */

/* Begin PBXVariantGroup section */
		A9FF5E4815C23027006D2FB8 /* InfoPlist.strings */ = {
			isa = PBXVariantGroup;
			children = (
				A9FF5E4915C23027006D2FB8 /* en */,
			);
			name = InfoPlist.strings;
			sourceTree = "<group>";
		};
		A9FF5E5115C23027006D2FB8 /* MainStoryboard.storyboard */ = {
			isa = PBXVariantGroup;
			children = (
				A9FF5E5215C23027006D2FB8 /* en */,
			);
			name = MainStoryboard.storyboard;
			sourceTree = "<group>";
		};
/* End PBXVariantGroup section */

/* Begin XCBuildConfiguration section */
		A9FF5E5715C23027006D2FB8 /* Debug */ = {
			isa = XCBuildConfiguration;
			buildSettings = {
				ALWAYS_SEARCH_USER_PATHS = NO;
				ARCHS = "$(ARCHS_STANDARD_32_BIT)";
				CLANG_ENABLE_OBJC_ARC = YES;
				"CODE_SIGN_IDENTITY[sdk=iphoneos*]" = "iPhone Developer";
				COPY_PHASE_STRIP = NO;
				GCC_C_LANGUAGE_STANDARD = gnu99;
				GCC_DYNAMIC_NO_PIC = NO;
				GCC_OPTIMIZATION_LEVEL = 0;
				GCC_PREPROCESSOR_DEFINITIONS = (
					"DEBUG=1",
					"$(inherited)",
				);
				GCC_SYMBOLS_PRIVATE_EXTERN = NO;
				GCC_VERSION = com.apple.compilers.llvm.clang.1_0;
				GCC_WARN_ABOUT_RETURN_TYPE = YES;
				GCC_WARN_UNINITIALIZED_AUTOS = YES;
				GCC_WARN_UNUSED_VARIABLE = YES;
				IPHONEOS_DEPLOYMENT_TARGET = 5.1;
				SDKROOT = iphoneos;
			};
			name = Debug;
		};
		A9FF5E5815C23027006D2FB8 /* Release */ = {
			isa = XCBuildConfiguration;
			buildSettings = {
				ALWAYS_SEARCH_USER_PATHS = NO;
				ARCHS = "$(ARCHS_STANDARD_32_BIT)";
				CLANG_ENABLE_OBJC_ARC = YES;
				"CODE_SIGN_IDENTITY[sdk=iphoneos*]" = "iPhone Developer";
				COPY_PHASE_STRIP = YES;
				GCC_C_LANGUAGE_STANDARD = gnu99;
				GCC_VERSION = com.apple.compilers.llvm.clang.1_0;
				GCC_WARN_ABOUT_RETURN_TYPE = YES;
				GCC_WARN_UNINITIALIZED_AUTOS = YES;
				GCC_WARN_UNUSED_VARIABLE = YES;
				IPHONEOS_DEPLOYMENT_TARGET = 5.1;
				OTHER_CFLAGS = "-DNS_BLOCK_ASSERTIONS=1";
				SDKROOT = iphoneos;
				VALIDATE_PRODUCT = YES;
			};
			name = Release;
		};
		A9FF5E5A15C23027006D2FB8 /* Debug */ = {
			isa = XCBuildConfiguration;
			buildSettings = {
				GCC_PRECOMPILE_PREFIX_HEADER = YES;
				GCC_PREFIX_HEADER = "FlickrFetcher/FlickrFetcher-Prefix.pch";
				INFOPLIST_FILE = "FlickrFetcher/FlickrFetcher-Info.plist";
				PRODUCT_NAME = "$(TARGET_NAME)";
				WRAPPER_EXTENSION = app;
			};
			name = Debug;
		};
		A9FF5E5B15C23027006D2FB8 /* Release */ = {
			isa = XCBuildConfiguration;
			buildSettings = {
				GCC_PRECOMPILE_PREFIX_HEADER = YES;
				GCC_PREFIX_HEADER = "FlickrFetcher/FlickrFetcher-Prefix.pch";
				INFOPLIST_FILE = "FlickrFetcher/FlickrFetcher-Info.plist";
				PRODUCT_NAME = "$(TARGET_NAME)";
				WRAPPER_EXTENSION = app;
			};
			name = Release;
		};
/* End XCBuildConfiguration section */

/* Begin XCConfigurationList section */
		A9FF5E3515C23027006D2FB8 /* Build configuration list for PBXProject "FlickrFetcher" */ = {
			isa = XCConfigurationList;
			buildConfigurations = (
				A9FF5E5715C23027006D2FB8 /* Debug */,
				A9FF5E5815C23027006D2FB8 /* Release */,
			);
			defaultConfigurationIsVisible = 0;
			defaultConfigurationName = Release;
		};
		A9FF5E5915C23027006D2FB8 /* Build configuration list for PBXNativeTarget "FlickrFetcher" */ = {
			isa = XCConfigurationList;
			buildConfigurations = (
				A9FF5E5A15C23027006D2FB8 /* Debug */,
				A9FF5E5B15C23027006D2FB8 /* Release */,
			);
			defaultConfigurationIsVisible = 0;
		};
/* End XCConfigurationList section */
	};
	rootObject = A9FF5E3215C23027006D2FB8 /* Project object */;
}
